
Microsoft Visual Studio Solution File, Format Version 12.00
# Visual Studio Version 17
VisualStudioVersion = 17.8.34525.116
MinimumVisualStudioVersion = 10.0.40219.1
Project("{FAE04EC0-301F-11D3-BF4B-00C04F79EFBC}") = "CapaConexion", "CapaConexion\CapaConexion.csproj", "{F9C39A33-433C-4F51-9A97-BC734F5B2BD9}"
EndProject
Project("{FAE04EC0-301F-11D3-BF4B-00C04F79EFBC}") = "DatosLayer", "DatosLayer\DatosLayer.csproj", "{78F4C327-BFC6-45A0-9A51-A02CC3577E77}"
EndProject
Global
	GlobalSection(SolutionConfigurationPlatforms) = preSolution
		Debug|Any CPU = Debug|Any CPU
		Release|Any CPU = Release|Any CPU
	EndGlobalSection
	GlobalSection(ProjectConfigurationPlatforms) = postSolution
		{F9C39A33-433C-4F51-9A97-BC734F5B2BD9}.Debug|Any CPU.ActiveCfg = Debug|Any CPU
		{F9C39A33-433C-4F51-9A97-BC734F5B2BD9}.Debug|Any CPU.Build.0 = Debug|Any CPU
		{F9C39A33-433C-4F51-9A97-BC734F5B2BD9}.Release|Any CPU.ActiveCfg = Release|Any CPU
		{F9C39A33-433C-4F51-9A97-BC734F5B2BD9}.Release|Any CPU.Build.0 = Release|Any CPU
		{78F4C327-BFC6-45A0-9A51-A02CC3577E77}.Debug|Any CPU.ActiveCfg = Debug|Any CPU
		{78F4C327-BFC6-45A0-9A51-A02CC3577E77}.Debug|Any CPU.Build.0 = Debug|Any CPU
		{78F4C327-BFC6-45A0-9A51-A02CC3577E77}.Release|Any CPU.ActiveCfg = Release|Any CPU
		{78F4C327-BFC6-45A0-9A51-A02CC3577E77}.Release|Any CPU.Build.0 = Release|Any CPU
	EndGlobalSection
	GlobalSection(SolutionProperties) = preSolution
		HideSolutionNode = FALSE
	EndGlobalSection
	GlobalSection(ExtensibilityGlobals) = postSolution
		SolutionGuid = {C19FEE66-AA4B-4C2F-B48E-16F6EACE0710}
	EndGlobalSection
EndGlobal
